
Microsoft Visual Studio Solution File, Format Version 12.00
# Visual Studio Version 17
VisualStudioVersion = 17.0.31919.166
MinimumVisualStudioVersion = 10.0.40219.1
Project("{9A19103F-16F7-4668-BE54-9A1E7A4F7556}") = "Otakulore", "Otakulore\Otakulore.csproj", "{337D49C9-FF9C-4FCA-85E6-B3EA9F0B70C4}"
EndProject
Project("{2150E333-8FDC-42A3-9474-1A3956D46DE8}") = "Repository Files", "Repository Files", "{862CAA91-EE98-4BA3-892D-A1F103E86000}"
	ProjectSection(SolutionItems) = preProject
		LICENSE = LICENSE
		README.md = README.md
	EndProjectSection
EndProject
Global
	GlobalSection(SolutionConfigurationPlatforms) = preSolution
		Debug|Any CPU = Debug|Any CPU
		Release|Any CPU = Release|Any CPU
	EndGlobalSection
	GlobalSection(ProjectConfigurationPlatforms) = postSolution
		{337D49C9-FF9C-4FCA-85E6-B3EA9F0B70C4}.Debug|Any CPU.ActiveCfg = Debug|Any CPU
		{337D49C9-FF9C-4FCA-85E6-B3EA9F0B70C4}.Debug|Any CPU.Build.0 = Debug|Any CPU
		{337D49C9-FF9C-4FCA-85E6-B3EA9F0B70C4}.Release|Any CPU.ActiveCfg = Release|Any CPU
		{337D49C9-FF9C-4FCA-85E6-B3EA9F0B70C4}.Release|Any CPU.Build.0 = Release|Any CPU
	EndGlobalSection
	GlobalSection(SolutionProperties) = preSolution
		HideSolutionNode = FALSE
	EndGlobalSection
	GlobalSection(ExtensibilityGlobals) = postSolution
		SolutionGuid = {94BBB24D-4EBE-4E6D-8E38-03C861245056}
	EndGlobalSection
EndGlobal
